{
  "requires": true,
  "lockfileVersion": 1,
  "dependencies": {
    "@uneed/jsbridge-runtime": {
      "version": "4.6.6",
      "resolved": "https://registry.npm.taobao.org/@uneed/jsbridge-runtime/download/@uneed/jsbridge-runtime-4.6.6.tgz",
      "integrity": "sha1-PBUfGDkYky0e6Z95Z/24JqKLEMQ=",
      "requires": {
        "eventemitter3": "^4.0.0"
      }
    },
    "@uneed/jsbridge-webview": {
      "version": "4.6.7",
      "resolved": "https://registry.npm.taobao.org/@uneed/jsbridge-webview/download/@uneed/jsbridge-webview-4.6.7.tgz",
      "integrity": "sha1-gFOP643c4A69+VZuMVoUhyhnzwA=",
      "requires": {
        "eventemitter3": "^4.0.0"
      }
    },
    "eventemitter3": {
      "version": "4.0.7",
      "resolved": "https://registry.npm.taobao.org/eventemitter3/download/eventemitter3-4.0.7.tgz?cache=0&sync_timestamp=1598517819668&other_urls=https%3A%2F%2Fregistry.npm.taobao.org%2Feventemitter3%2Fdownload%2Feventemitter3-4.0.7.tgz",
      "integrity": "sha1-Lem2j2Uo1WRO9cWVJqG0oHMGFp8="
    }
  }
}
